// !$*UTF8*$!
{
	archiveVersion = 1;
	classes = {
	};
	objectVersion = 46;
	objects = {

/* Begin PBXBuildFile section */
		6A098EAC1CC637DF00E5BCCA /* main.m in Sources */ = {isa = PBXBuildFile; fileRef = 6A098EAB1CC637DF00E5BCCA /* main.m */; };
		6A098EAF1CC637DF00E5BCCA /* AppDelegate.m in Sources */ = {isa = PBXBuildFile; fileRef = 6A098EAE1CC637DF00E5BCCA /* AppDelegate.m */; };
		6A098EB21CC637DF00E5BCCA /* ViewController.m in Sources */ = {isa = PBXBuildFile; fileRef = 6A098EB11CC637DF00E5BCCA /* ViewController.m */; };
		6A098EB51CC637DF00E5BCCA /* Main.storyboard in Resources */ = {isa = PBXBuildFile; fileRef = 6A098EB31CC637DF00E5BCCA /* Main.storyboard */; };
		6A098EB71CC637DF00E5BCCA /* Assets.xcassets in Resources */ = {isa = PBXBuildFile; fileRef = 6A098EB61CC637DF00E5BCCA /* Assets.xcassets */; };
		6A098EBA1CC637DF00E5BCCA /* LaunchScreen.storyboard in Resources */ = {isa = PBXBuildFile; fileRef = 6A098EB81CC637DF00E5BCCA /* LaunchScreen.storyboard */; };
		6A098EC51CC637DF00E5BCCA /* GitTestTwoDemoTests.m in Sources */ = {isa = PBXBuildFile; fileRef = 6A098EC41CC637DF00E5BCCA /* GitTestTwoDemoTests.m */; };
		6A098ED01CC637DF00E5BCCA /* GitTestTwoDemoUITests.m in Sources */ = {isa = PBXBuildFile; fileRef = 6A098ECF1CC637DF00E5BCCA /* GitTestTwoDemoUITests.m */; };
/* End PBXBuildFile section */

/* Begin PBXContainerItemProxy section */
		6A098EC11CC637DF00E5BCCA /* PBXContainerItemProxy */ = {
			isa = PBXContainerItemProxy;
			containerPortal = 6A098E9F1CC637DF00E5BCCA /* Project object */;
			proxyType = 1;
			remoteGlobalIDString = 6A098EA61CC637DF00E5BCCA;
			remoteInfo = GitTestTwoDemo;
		};
		6A098ECC1CC637DF00E5BCCA /* PBXContainerItemProxy */ = {
			isa = PBXContainerItemProxy;
			containerPortal = 6A098E9F1CC637DF00E5BCCA /* Project object */;
			proxyType = 1;
			remoteGlobalIDString = 6A098EA61CC637DF00E5BCCA;
			remoteInfo = GitTestTwoDemo;
		};
/* End PBXContainerItemProxy section */

/* Begin PBXFileReference section */
		6A098EA71CC637DF00E5BCCA /* GitTestTwoDemo.app */ = {isa = PBXFileReference; explicitFileType = wrapper.application; includeInIndex = 0; path = GitTestTwoDemo.app; sourceTree = BUILT_PRODUCTS_DIR; };
		6A098EAB1CC637DF00E5BCCA /* main.m */ = {isa = PBXFileReference; lastKnownFileType = sourcecode.c.objc; path = main.m; sourceTree = "<group>"; };
		6A098EAD1CC637DF00E5BCCA /* AppDelegate.h */ = {isa = PBXFileReference; lastKnownFileType = sourcecode.c.h; path = AppDelegate.h; sourceTree = "<group>"; };
		6A098EAE1CC637DF00E5BCCA /* AppDelegate.m */ = {isa = PBXFileReference; lastKnownFileType = sourcecode.c.objc; path = AppDelegate.m; sourceTree = "<group>"; };
		6A098EB01CC637DF00E5BCCA /* ViewController.h */ = {isa = PBXFileReference; lastKnownFileType = sourcecode.c.h; path = ViewController.h; sourceTree = "<group>"; };
		6A098EB11CC637DF00E5BCCA /* ViewController.m */ = {isa = PBXFileReference; lastKnownFileType = sourcecode.c.objc; path = ViewController.m; sourceTree = "<group>"; };
		6A098EB41CC637DF00E5BCCA /* Base */ = {isa = PBXFileReference; lastKnownFileType = file.storyboard; name = Base; path = Base.lproj/Main.storyboard; sourceTree = "<group>"; };
		6A098EB61CC637DF00E5BCCA /* Assets.xcassets */ = {isa = PBXFileReference; lastKnownFileType = folder.assetcatalog; path = Assets.xcassets; sourceTree = "<group>"; };
		6A098EB91CC637DF00E5BCCA /* Base */ = {isa = PBXFileReference; lastKnownFileType = file.storyboard; name = Base; path = Base.lproj/LaunchScreen.storyboard; sourceTree = "<group>"; };
		6A098EBB1CC637DF00E5BCCA /* Info.plist */ = {isa = PBXFileReference; lastKnownFileType = text.plist.xml; path = Info.plist; sourceTree = "<group>"; };
		6A098EC01CC637DF00E5BCCA /* GitTestTwoDemoTests.xctest */ = {isa = PBXFileReference; explicitFileType = wrapper.cfbundle; includeInIndex = 0; path = GitTestTwoDemoTests.xctest; sourceTree = BUILT_PRODUCTS_DIR; };
		6A098EC41CC637DF00E5BCCA /* GitTestTwoDemoTests.m */ = {isa = PBXFileReference; lastKnownFileType = sourcecode.c.objc; path = GitTestTwoDemoTests.m; sourceTree = "<group>"; };
		6A098EC61CC637DF00E5BCCA /* Info.plist */ = {isa = PBXFileReference; lastKnownFileType = text.plist.xml; path = Info.plist; sourceTree = "<group>"; };
		6A098ECB1CC637DF00E5BCCA /* GitTestTwoDemoUITests.xctest */ = {isa = PBXFileReference; explicitFileType = wrapper.cfbundle; includeInIndex = 0; path = GitTestTwoDemoUITests.xctest; sourceTree = BUILT_PRODUCTS_DIR; };
		6A098ECF1CC637DF00E5BCCA /* GitTestTwoDemoUITests.m */ = {isa = PBXFileReference; lastKnownFileType = sourcecode.c.objc; path = GitTestTwoDemoUITests.m; sourceTree = "<group>"; };
		6A098ED11CC637DF00E5BCCA /* Info.plist */ = {isa = PBXFileReference; lastKnownFileType = text.plist.xml; path = Info.plist; sourceTree = "<group>"; };
/* End PBXFileReference section */

/* Begin PBXFrameworksBuildPhase section */
		6A098EA41CC637DF00E5BCCA /* Frameworks */ = {
			isa = PBXFrameworksBuildPhase;
			buildActionMask = 2147483647;
			files = (
			);
			runOnlyForDeploymentPostprocessing = 0;
		};
		6A098EBD1CC637DF00E5BCCA /* Frameworks */ = {
			isa = PBXFrameworksBuildPhase;
			buildActionMask = 2147483647;
			files = (
			);
			runOnlyForDeploymentPostprocessing = 0;
		};
		6A098EC81CC637DF00E5BCCA /* Frameworks */ = {
			isa = PBXFrameworksBuildPhase;
			buildActionMask = 2147483647;
			files = (
			);
			runOnlyForDeploymentPostprocessing = 0;
		};
/* End PBXFrameworksBuildPhase section */

/* Begin PBXGroup section */
		6A098E9E1CC637DF00E5BCCA = {
			isa = PBXGroup;
			children = (
				6A098EA91CC637DF00E5BCCA /* GitTestTwoDemo */,
				6A098EC31CC637DF00E5BCCA /* GitTestTwoDemoTests */,
				6A098ECE1CC637DF00E5BCCA /* GitTestTwoDemoUITests */,
				6A098EA81CC637DF00E5BCCA /* Products */,
			);
			sourceTree = "<group>";
		};
		6A098EA81CC637DF00E5BCCA /* Products */ = {
			isa = PBXGroup;
			children = (
				6A098EA71CC637DF00E5BCCA /* GitTestTwoDemo.app */,
				6A098EC01CC637DF00E5BCCA /* GitTestTwoDemoTests.xctest */,
				6A098ECB1CC637DF00E5BCCA /* GitTestTwoDemoUITests.xctest */,
			);
			name = Products;
			sourceTree = "<group>";
		};
		6A098EA91CC637DF00E5BCCA /* GitTestTwoDemo */ = {
			isa = PBXGroup;
			children = (
				6A098EAD1CC637DF00E5BCCA /* AppDelegate.h */,
				6A098EAE1CC637DF00E5BCCA /* AppDelegate.m */,
				6A098EB01CC637DF00E5BCCA /* ViewController.h */,
				6A098EB11CC637DF00E5BCCA /* ViewController.m */,
				6A098EB31CC637DF00E5BCCA /* Main.storyboard */,
				6A098EB61CC637DF00E5BCCA /* Assets.xcassets */,
				6A098EB81CC637DF00E5BCCA /* LaunchScreen.storyboard */,
				6A098EBB1CC637DF00E5BCCA /* Info.plist */,
				6A098EAA1CC637DF00E5BCCA /* Supporting Files */,
			);
			path = GitTestTwoDemo;
			sourceTree = "<group>";
		};
		6A098EAA1CC637DF00E5BCCA /* Supporting Files */ = {
			isa = PBXGroup;
			children = (
				6A098EAB1CC637DF00E5BCCA /* main.m */,
			);
			name = "Supporting Files";
			sourceTree = "<group>";
		};
		6A098EC31CC637DF00E5BCCA /* GitTestTwoDemoTests */ = {
			isa = PBXGroup;
			children = (
				6A098EC41CC637DF00E5BCCA /* GitTestTwoDemoTests.m */,
				6A098EC61CC637DF00E5BCCA /* Info.plist */,
			);
			path = GitTestTwoDemoTests;
			sourceTree = "<group>";
		};
		6A098ECE1CC637DF00E5BCCA /* GitTestTwoDemoUITests */ = {
			isa = PBXGroup;
			children = (
				6A098ECF1CC637DF00E5BCCA /* GitTestTwoDemoUITests.m */,
				6A098ED11CC637DF00E5BCCA /* Info.plist */,
			);
			path = GitTestTwoDemoUITests;
			sourceTree = "<group>";
		};
/* End PBXGroup section */

/* Begin PBXNativeTarget section */
		6A098EA61CC637DF00E5BCCA /* GitTestTwoDemo */ = {
			isa = PBXNativeTarget;
			buildConfigurationList = 6A098ED41CC637DF00E5BCCA /* Build configuration list for PBXNativeTarget "GitTestTwoDemo" */;
			buildPhases = (
				6A098EA31CC637DF00E5BCCA /* Sources */,
				6A098EA41CC637DF00E5BCCA /* Frameworks */,
				6A098EA51CC637DF00E5BCCA /* Resources */,
			);
			buildRules = (
			);
			dependencies = (
			);
			name = GitTestTwoDemo;
			productName = GitTestTwoDemo;
			productReference = 6A098EA71CC637DF00E5BCCA /* GitTestTwoDemo.app */;
			productType = "com.apple.product-type.application";
		};
		6A098EBF1CC637DF00E5BCCA /* GitTestTwoDemoTests */ = {
			isa = PBXNativeTarget;
			buildConfigurationList = 6A098ED71CC637DF00E5BCCA /* Build configuration list for PBXNativeTarget "GitTestTwoDemoTests" */;
			buildPhases = (
				6A098EBC1CC637DF00E5BCCA /* Sources */,
				6A098EBD1CC637DF00E5BCCA /* Frameworks */,
				6A098EBE1CC637DF00E5BCCA /* Resources */,
			);
			buildRules = (
			);
			dependencies = (
				6A098EC21CC637DF00E5BCCA /* PBXTargetDependency */,
			);
			name = GitTestTwoDemoTests;
			productName = GitTestTwoDemoTests;
			productReference = 6A098EC01CC637DF00E5BCCA /* GitTestTwoDemoTests.xctest */;
			productType = "com.apple.product-type.bundle.unit-test";
		};
		6A098ECA1CC637DF00E5BCCA /* GitTestTwoDemoUITests */ = {
			isa = PBXNativeTarget;
			buildConfigurationList = 6A098EDA1CC637DF00E5BCCA /* Build configuration list for PBXNativeTarget "GitTestTwoDemoUITests" */;
			buildPhases = (
				6A098EC71CC637DF00E5BCCA /* Sources */,
				6A098EC81CC637DF00E5BCCA /* Frameworks */,
				6A098EC91CC637DF00E5BCCA /* Resources */,
			);
			buildRules = (
			);
			dependencies = (
				6A098ECD1CC637DF00E5BCCA /* PBXTargetDependency */,
			);
			name = GitTestTwoDemoUITests;
			productName = GitTestTwoDemoUITests;
			productReference = 6A098ECB1CC637DF00E5BCCA /* GitTestTwoDemoUITests.xctest */;
			productType = "com.apple.product-type.bundle.ui-testing";
		};
/* End PBXNativeTarget section */

/* Begin PBXProject section */
		6A098E9F1CC637DF00E5BCCA /* Project object */ = {
			isa = PBXProject;
			attributes = {
				LastUpgradeCheck = 0720;
				ORGANIZATIONNAME = PSAMY;
				TargetAttributes = {
					6A098EA61CC637DF00E5BCCA = {
						CreatedOnToolsVersion = 7.2.1;
					};
					6A098EBF1CC637DF00E5BCCA = {
						CreatedOnToolsVersion = 7.2.1;
						TestTargetID = 6A098EA61CC637DF00E5BCCA;
					};
					6A098ECA1CC637DF00E5BCCA = {
						CreatedOnToolsVersion = 7.2.1;
						TestTargetID = 6A098EA61CC637DF00E5BCCA;
					};
				};
			};
			buildConfigurationList = 6A098EA21CC637DF00E5BCCA /* Build configuration list for PBXProject "GitTestTwoDemo" */;
			compatibilityVersion = "Xcode 3.2";
			developmentRegion = English;
			hasScannedForEncodings = 0;
			knownRegions = (
				en,
				Base,
			);
			mainGroup = 6A098E9E1CC637DF00E5BCCA;
			productRefGroup = 6A098EA81CC637DF00E5BCCA /* Products */;
			projectDirPath = "";
			projectRoot = "";
			targets = (
				6A098EA61CC637DF00E5BCCA /* GitTestTwoDemo */,
				6A098EBF1CC637DF00E5BCCA /* GitTestTwoDemoTests */,
				6A098ECA1CC637DF00E5BCCA /* GitTestTwoDemoUITests */,
			);
		};
/* End PBXProject section */

/* Begin PBXResourcesBuildPhase section */
		6A098EA51CC637DF00E5BCCA /* Resources */ = {
			isa = PBXResourcesBuildPhase;
			buildActionMask = 2147483647;
			files = (
				6A098EBA1CC637DF00E5BCCA /* LaunchScreen.storyboard in Resources */,
				6A098EB71CC637DF00E5BCCA /* Assets.xcassets in Resources */,
				6A098EB51CC637DF00E5BCCA /* Main.storyboard in Resources */,
			);
			runOnlyForDeploymentPostprocessing = 0;
		};
		6A098EBE1CC637DF00E5BCCA /* Resources */ = {
			isa = PBXResourcesBuildPhase;
			buildActionMask = 2147483647;
			files = (
			);
			runOnlyForDeploymentPostprocessing = 0;
		};
		6A098EC91CC637DF00E5BCCA /* Resources */ = {
			isa = PBXResourcesBuildPhase;
			buildActionMask = 2147483647;
			files = (
			);
			runOnlyForDeploymentPostprocessing = 0;
		};
/* End PBXResourcesBuildPhase section */

/* Begin PBXSourcesBuildPhase section */
		6A098EA31CC637DF00E5BCCA /* Sources */ = {
			isa = PBXSourcesBuildPhase;
			buildActionMask = 2147483647;
			files = (
				6A098EB21CC637DF00E5BCCA /* ViewController.m in Sources */,
				6A098EAF1CC637DF00E5BCCA /* AppDelegate.m in Sources */,
				6A098EAC1CC637DF00E5BCCA /* main.m in Sources */,
			);
			runOnlyForDeploymentPostprocessing = 0;
		};
		6A098EBC1CC637DF00E5BCCA /* Sources */ = {
			isa = PBXSourcesBuildPhase;
			buildActionMask = 2147483647;
			files = (
				6A098EC51CC637DF00E5BCCA /* GitTestTwoDemoTests.m in Sources */,
			);
			runOnlyForDeploymentPostprocessing = 0;
		};
		6A098EC71CC637DF00E5BCCA /* Sources */ = {
			isa = PBXSourcesBuildPhase;
			buildActionMask = 2147483647;
			files = (
				6A098ED01CC637DF00E5BCCA /* GitTestTwoDemoUITests.m in Sources */,
			);
			runOnlyForDeploymentPostprocessing = 0;
		};
/* End PBXSourcesBuildPhase section */

/* Begin PBXTargetDependency section */
		6A098EC21CC637DF00E5BCCA /* PBXTargetDependency */ = {
			isa = PBXTargetDependency;
			target = 6A098EA61CC637DF00E5BCCA /* GitTestTwoDemo */;
			targetProxy = 6A098EC11CC637DF00E5BCCA /* PBXContainerItemProxy */;
		};
		6A098ECD1CC637DF00E5BCCA /* PBXTargetDependency */ = {
			isa = PBXTargetDependency;
			target = 6A098EA61CC637DF00E5BCCA /* GitTestTwoDemo */;
			targetProxy = 6A098ECC1CC637DF00E5BCCA /* PBXContainerItemProxy */;
		};
/* End PBXTargetDependency section */

/* Begin PBXVariantGroup section */
		6A098EB31CC637DF00E5BCCA /* Main.storyboard */ = {
			isa = PBXVariantGroup;
			children = (
				6A098EB41CC637DF00E5BCCA /* Base */,
			);
			name = Main.storyboard;
			sourceTree = "<group>";
		};
		6A098EB81CC637DF00E5BCCA /* LaunchScreen.storyboard */ = {
			isa = PBXVariantGroup;
			children = (
				6A098EB91CC637DF00E5BCCA /* Base */,
			);
			name = LaunchScreen.storyboard;
			sourceTree = "<group>";
		};
/* End PBXVariantGroup section */

/* Begin XCBuildConfiguration section */
		6A098ED21CC637DF00E5BCCA /* Debug */ = {
			isa = XCBuildConfiguration;
			buildSettings = {
				ALWAYS_SEARCH_USER_PATHS = NO;
				CLANG_CXX_LANGUAGE_STANDARD = "gnu++0x";
				CLANG_CXX_LIBRARY = "libc++";
				CLANG_ENABLE_MODULES = YES;
				CLANG_ENABLE_OBJC_ARC = YES;
				CLANG_WARN_BOOL_CONVERSION = YES;
				CLANG_WARN_CONSTANT_CONVERSION = YES;
				CLANG_WARN_DIRECT_OBJC_ISA_USAGE = YES_ERROR;
				CLANG_WARN_EMPTY_BODY = YES;
				CLANG_WARN_ENUM_CONVERSION = YES;
				CLANG_WARN_INT_CONVERSION = YES;
				CLANG_WARN_OBJC_ROOT_CLASS = YES_ERROR;
				CLANG_WARN_UNREACHABLE_CODE = YES;
				CLANG_WARN__DUPLICATE_METHOD_MATCH = YES;
				"CODE_SIGN_IDENTITY[sdk=iphoneos*]" = "iPhone Developer";
				COPY_PHASE_STRIP = NO;
				DEBUG_INFORMATION_FORMAT = dwarf;
				ENABLE_STRICT_OBJC_MSGSEND = YES;
				ENABLE_TESTABILITY = YES;
				GCC_C_LANGUAGE_STANDARD = gnu99;
				GCC_DYNAMIC_NO_PIC = NO;
				GCC_NO_COMMON_BLOCKS = YES;
				GCC_OPTIMIZATION_LEVEL = 0;
				GCC_PREPROCESSOR_DEFINITIONS = (
					"DEBUG=1",
					"$(inherited)",
				);
				GCC_WARN_64_TO_32_BIT_CONVERSION = YES;
				GCC_WARN_ABOUT_RETURN_TYPE = YES_ERROR;
				GCC_WARN_UNDECLARED_SELECTOR = YES;
				GCC_WARN_UNINITIALIZED_AUTOS = YES_AGGRESSIVE;
				GCC_WARN_UNUSED_FUNCTION = YES;
				GCC_WARN_UNUSED_VARIABLE = YES;
				IPHONEOS_DEPLOYMENT_TARGET = 9.2;
				MTL_ENABLE_DEBUG_INFO = YES;
				ONLY_ACTIVE_ARCH = YES;
				SDKROOT = iphoneos;
				TARGETED_DEVICE_FAMILY = "1,2";
			};
			name = Debug;
		};
		6A098ED31CC637DF00E5BCCA /* Release */ = {
			isa = XCBuildConfiguration;
			buildSettings = {
				ALWAYS_SEARCH_USER_PATHS = NO;
				CLANG_CXX_LANGUAGE_STANDARD = "gnu++0x";
				CLANG_CXX_LIBRARY = "libc++";
				CLANG_ENABLE_MODULES = YES;
				CLANG_ENABLE_OBJC_ARC = YES;
				CLANG_WARN_BOOL_CONVERSION = YES;
				CLANG_WARN_CONSTANT_CONVERSION = YES;
				CLANG_WARN_DIRECT_OBJC_ISA_USAGE = YES_ERROR;
				CLANG_WARN_EMPTY_BODY = YES;
				CLANG_WARN_ENUM_CONVERSION = YES;
				CLANG_WARN_INT_CONVERSION = YES;
				CLANG_WARN_OBJC_ROOT_CLASS = YES_ERROR;
				CLANG_WARN_UNREACHABLE_CODE = YES;
				CLANG_WARN__DUPLICATE_METHOD_MATCH = YES;
				"CODE_SIGN_IDENTITY[sdk=iphoneos*]" = "iPhone Developer";
				COPY_PHASE_STRIP = NO;
				DEBUG_INFORMATION_FORMAT = "dwarf-with-dsym";
				ENABLE_NS_ASSERTIONS = NO;
				ENABLE_STRICT_OBJC_MSGSEND = YES;
				GCC_C_LANGUAGE_STANDARD = gnu99;
				GCC_NO_COMMON_BLOCKS = YES;
				GCC_WARN_64_TO_32_BIT_CONVERSION = YES;
				GCC_WARN_ABOUT_RETURN_TYPE = YES_ERROR;
				GCC_WARN_UNDECLARED_SELECTOR = YES;
				GCC_WARN_UNINITIALIZED_AUTOS = YES_AGGRESSIVE;
				GCC_WARN_UNUSED_FUNCTION = YES;
				GCC_WARN_UNUSED_VARIABLE = YES;
				IPHONEOS_DEPLOYMENT_TARGET = 9.2;
				MTL_ENABLE_DEBUG_INFO = NO;
				SDKROOT = iphoneos;
				TARGETED_DEVICE_FAMILY = "1,2";
				VALIDATE_PRODUCT = YES;
			};
			name = Release;
		};
		6A098ED51CC637DF00E5BCCA /* Debug */ = {
			isa = XCBuildConfiguration;
			buildSettings = {
				ASSETCATALOG_COMPILER_APPICON_NAME = AppIcon;
				INFOPLIST_FILE = GitTestTwoDemo/Info.plist;
				LD_RUNPATH_SEARCH_PATHS = "$(inherited) @executable_path/Frameworks";
				PRODUCT_BUNDLE_IDENTIFIER = PSAMY.GitTestTwoDemo;
				PRODUCT_NAME = "$(TARGET_NAME)";
			};
			name = Debug;
		};
		6A098ED61CC637DF00E5BCCA /* Release */ = {
			isa = XCBuildConfiguration;
			buildSettings = {
				ASSETCATALOG_COMPILER_APPICON_NAME = AppIcon;
				INFOPLIST_FILE = GitTestTwoDemo/Info.plist;
				LD_RUNPATH_SEARCH_PATHS = "$(inherited) @executable_path/Frameworks";
				PRODUCT_BUNDLE_IDENTIFIER = PSAMY.GitTestTwoDemo;
				PRODUCT_NAME = "$(TARGET_NAME)";
			};
			name = Release;
		};
		6A098ED81CC637DF00E5BCCA /* Debug */ = {
			isa = XCBuildConfiguration;
			buildSettings = {
				BUNDLE_LOADER = "$(TEST_HOST)";
				INFOPLIST_FILE = GitTestTwoDemoTests/Info.plist;
				LD_RUNPATH_SEARCH_PATHS = "$(inherited) @executable_path/Frameworks @loader_path/Frameworks";
				PRODUCT_BUNDLE_IDENTIFIER = PSAMY.GitTestTwoDemoTests;
				PRODUCT_NAME = "$(TARGET_NAME)";
				TEST_HOST = "$(BUILT_PRODUCTS_DIR)/GitTestTwoDemo.app/GitTestTwoDemo";
			};
			name = Debug;
		};
		6A098ED91CC637DF00E5BCCA /* Release */ = {
			isa = XCBuildConfiguration;
			buildSettings = {
				BUNDLE_LOADER = "$(TEST_HOST)";
				INFOPLIST_FILE = GitTestTwoDemoTests/Info.plist;
				LD_RUNPATH_SEARCH_PATHS = "$(inherited) @executable_path/Frameworks @loader_path/Frameworks";
				PRODUCT_BUNDLE_IDENTIFIER = PSAMY.GitTestTwoDemoTests;
				PRODUCT_NAME = "$(TARGET_NAME)";
				TEST_HOST = "$(BUILT_PRODUCTS_DIR)/GitTestTwoDemo.app/GitTestTwoDemo";
			};
			name = Release;
		};
		6A098EDB1CC637DF00E5BCCA /* Debug */ = {
			isa = XCBuildConfiguration;
			buildSettings = {
				INFOPLIST_FILE = GitTestTwoDemoUITests/Info.plist;
				LD_RUNPATH_SEARCH_PATHS = "$(inherited) @executable_path/Frameworks @loader_path/Frameworks";
				PRODUCT_BUNDLE_IDENTIFIER = PSAMY.GitTestTwoDemoUITests;
				PRODUCT_NAME = "$(TARGET_NAME)";
				TEST_TARGET_NAME = GitTestTwoDemo;
				USES_XCTRUNNER = YES;
			};
			name = Debug;
		};
		6A098EDC1CC637DF00E5BCCA /* Release */ = {
			isa = XCBuildConfiguration;
			buildSettings = {
				INFOPLIST_FILE = GitTestTwoDemoUITests/Info.plist;
				LD_RUNPATH_SEARCH_PATHS = "$(inherited) @executable_path/Frameworks @loader_path/Frameworks";
				PRODUCT_BUNDLE_IDENTIFIER = PSAMY.GitTestTwoDemoUITests;
				PRODUCT_NAME = "$(TARGET_NAME)";
				TEST_TARGET_NAME = GitTestTwoDemo;
				USES_XCTRUNNER = YES;
			};
			name = Release;
		};
/* End XCBuildConfiguration section */

/* Begin XCConfigurationList section */
		6A098EA21CC637DF00E5BCCA /* Build configuration list for PBXProject "GitTestTwoDemo" */ = {
			isa = XCConfigurationList;
			buildConfigurations = (
				6A098ED21CC637DF00E5BCCA /* Debug */,
				6A098ED31CC637DF00E5BCCA /* Release */,
			);
			defaultConfigurationIsVisible = 0;
			defaultConfigurationName = Release;
		};
		6A098ED41CC637DF00E5BCCA /* Build configuration list for PBXNativeTarget "GitTestTwoDemo" */ = {
			isa = XCConfigurationList;
			buildConfigurations = (
				6A098ED51CC637DF00E5BCCA /* Debug */,
				6A098ED61CC637DF00E5BCCA /* Release */,
			);
			defaultConfigurationIsVisible = 0;
		};
		6A098ED71CC637DF00E5BCCA /* Build configuration list for PBXNativeTarget "GitTestTwoDemoTests" */ = {
			isa = XCConfigurationList;
			buildConfigurations = (
				6A098ED81CC637DF00E5BCCA /* Debug */,
				6A098ED91CC637DF00E5BCCA /* Release */,
			);
			defaultConfigurationIsVisible = 0;
		};
		6A098EDA1CC637DF00E5BCCA /* Build configuration list for PBXNativeTarget "GitTestTwoDemoUITests" */ = {
			isa = XCConfigurationList;
			buildConfigurations = (
				6A098EDB1CC637DF00E5BCCA /* Debug */,
				6A098EDC1CC637DF00E5BCCA /* Release */,
			);
			defaultConfigurationIsVisible = 0;
		};
/* End XCConfigurationList section */
	};
	rootObject = 6A098E9F1CC637DF00E5BCCA /* Project object */;
}
